
Microsoft Visual Studio Solution File, Format Version 12.00
# Visual Studio Version 16
VisualStudioVersion = 16.0.30406.217
MinimumVisualStudioVersion = 10.0.40219.1
Project("{FAE04EC0-301F-11D3-BF4B-00C04F79EFBC}") = "Siglo_XXI", "Siglo_XXI\Siglo_XXI.csproj", "{D18F8D15-D7BF-45F6-95F7-08087D542175}"
EndProject
Project("{FAE04EC0-301F-11D3-BF4B-00C04F79EFBC}") = "Main", "Main\Main.csproj", "{0699761C-893A-45F4-8B81-2AB76E691E1E}"
EndProject
Global
	GlobalSection(SolutionConfigurationPlatforms) = preSolution
		Debug|Any CPU = Debug|Any CPU
		Release|Any CPU = Release|Any CPU
	EndGlobalSection
	GlobalSection(ProjectConfigurationPlatforms) = postSolution
		{D18F8D15-D7BF-45F6-95F7-08087D542175}.Debug|Any CPU.ActiveCfg = Debug|Any CPU
		{D18F8D15-D7BF-45F6-95F7-08087D542175}.Debug|Any CPU.Build.0 = Debug|Any CPU
		{D18F8D15-D7BF-45F6-95F7-08087D542175}.Release|Any CPU.ActiveCfg = Release|Any CPU
		{D18F8D15-D7BF-45F6-95F7-08087D542175}.Release|Any CPU.Build.0 = Release|Any CPU
		{0699761C-893A-45F4-8B81-2AB76E691E1E}.Debug|Any CPU.ActiveCfg = Debug|Any CPU
		{0699761C-893A-45F4-8B81-2AB76E691E1E}.Debug|Any CPU.Build.0 = Debug|Any CPU
		{0699761C-893A-45F4-8B81-2AB76E691E1E}.Release|Any CPU.ActiveCfg = Release|Any CPU
		{0699761C-893A-45F4-8B81-2AB76E691E1E}.Release|Any CPU.Build.0 = Release|Any CPU
	EndGlobalSection
	GlobalSection(SolutionProperties) = preSolution
		HideSolutionNode = FALSE
	EndGlobalSection
	GlobalSection(ExtensibilityGlobals) = postSolution
		SolutionGuid = {D8A037B1-FA1E-4B53-8BFD-B9A69181842F}
	EndGlobalSection
EndGlobal
